
Microsoft Visual Studio Solution File, Format Version 12.00
# Visual Studio 15
VisualStudioVersion = 15.0.26730.3
MinimumVisualStudioVersion = 10.0.40219.1
Project("{FAE04EC0-301F-11D3-BF4B-00C04F79EFBC}") = "Mattelsa.Modelo", "Mattelsa.Modelo\Mattelsa.Modelo.csproj", "{EAC96545-BF98-4A09-BA38-BF76F09E9168}"
EndProject
Project("{FAE04EC0-301F-11D3-BF4B-00C04F79EFBC}") = "Mattelsa.Servicios", "Mattelsa.Servicios\Mattelsa.Servicios.csproj", "{A1F403B7-A201-40A4-A2A1-A164C466F203}"
EndProject
Project("{FAE04EC0-301F-11D3-BF4B-00C04F79EFBC}") = "Mattelsa.Vista", "Mattelsa.Vista\Mattelsa.Vista.csproj", "{91AB7F24-029E-4191-8CE5-F556A876AE85}"
	ProjectSection(ProjectDependencies) = postProject
		{A1F403B7-A201-40A4-A2A1-A164C466F203} = {A1F403B7-A201-40A4-A2A1-A164C466F203}
	EndProjectSection
EndProject
Project("{FAE04EC0-301F-11D3-BF4B-00C04F79EFBC}") = "Mattelsa.Utilidades", "Mattelsa.Utilidades\Mattelsa.Utilidades.csproj", "{403F05BD-3FCE-4746-9DDE-E56C18830C5A}"
EndProject
Global
	GlobalSection(SolutionConfigurationPlatforms) = preSolution
		Debug|Any CPU = Debug|Any CPU
		Release|Any CPU = Release|Any CPU
	EndGlobalSection
	GlobalSection(ProjectConfigurationPlatforms) = postSolution
		{EAC96545-BF98-4A09-BA38-BF76F09E9168}.Debug|Any CPU.ActiveCfg = Debug|Any CPU
		{EAC96545-BF98-4A09-BA38-BF76F09E9168}.Debug|Any CPU.Build.0 = Debug|Any CPU
		{EAC96545-BF98-4A09-BA38-BF76F09E9168}.Release|Any CPU.ActiveCfg = Release|Any CPU
		{EAC96545-BF98-4A09-BA38-BF76F09E9168}.Release|Any CPU.Build.0 = Release|Any CPU
		{A1F403B7-A201-40A4-A2A1-A164C466F203}.Debug|Any CPU.ActiveCfg = Debug|Any CPU
		{A1F403B7-A201-40A4-A2A1-A164C466F203}.Debug|Any CPU.Build.0 = Debug|Any CPU
		{A1F403B7-A201-40A4-A2A1-A164C466F203}.Release|Any CPU.ActiveCfg = Release|Any CPU
		{A1F403B7-A201-40A4-A2A1-A164C466F203}.Release|Any CPU.Build.0 = Release|Any CPU
		{91AB7F24-029E-4191-8CE5-F556A876AE85}.Debug|Any CPU.ActiveCfg = Debug|Any CPU
		{91AB7F24-029E-4191-8CE5-F556A876AE85}.Debug|Any CPU.Build.0 = Debug|Any CPU
		{91AB7F24-029E-4191-8CE5-F556A876AE85}.Release|Any CPU.ActiveCfg = Release|Any CPU
		{91AB7F24-029E-4191-8CE5-F556A876AE85}.Release|Any CPU.Build.0 = Release|Any CPU
		{403F05BD-3FCE-4746-9DDE-E56C18830C5A}.Debug|Any CPU.ActiveCfg = Debug|Any CPU
		{403F05BD-3FCE-4746-9DDE-E56C18830C5A}.Debug|Any CPU.Build.0 = Debug|Any CPU
		{403F05BD-3FCE-4746-9DDE-E56C18830C5A}.Release|Any CPU.ActiveCfg = Release|Any CPU
		{403F05BD-3FCE-4746-9DDE-E56C18830C5A}.Release|Any CPU.Build.0 = Release|Any CPU
	EndGlobalSection
	GlobalSection(SolutionProperties) = preSolution
		HideSolutionNode = FALSE
	EndGlobalSection
	GlobalSection(ExtensibilityGlobals) = postSolution
		SolutionGuid = {3DFF7A87-0324-4DB5-9126-8F0DAA10F936}
	EndGlobalSection
EndGlobal
